
Microsoft Visual Studio Solution File, Format Version 12.00
# Visual Studio Version 17
VisualStudioVersion = 17.8.34322.80
MinimumVisualStudioVersion = 10.0.40219.1
Project("{9A19103F-16F7-4668-BE54-9A1E7A4F7556}") = "C#_9-dars_OOP Polymorphism and etc", "C#_9-dars_OOP Polymorphism and etc\C#_9-dars_OOP Polymorphism and etc.csproj", "{AE333F65-CB57-4C6B-B7A4-7A0885C72296}"
EndProject
Project("{9A19103F-16F7-4668-BE54-9A1E7A4F7556}") = "C#_10-dars_stack_linkedlist", "C#_10-dars_stack_linkedlist\C#_10-dars_stack_linkedlist.csproj", "{D035F1C7-FD27-4A9A-8906-EAA9F038891E}"
EndProject
Project("{9A19103F-16F7-4668-BE54-9A1E7A4F7556}") = "ConsoleApp1", "ConsoleApp1\ConsoleApp1.csproj", "{729D5CE7-28A6-4190-BB65-2E73B1FF606B}"
EndProject
Project("{9A19103F-16F7-4668-BE54-9A1E7A4F7556}") = "C#_11-dars_tuple_Ilist", "C#_11-dars_tuple_Ilist\C#_11-dars_tuple_Ilist.csproj", "{C17F6B1E-0707-4B1D-B370-A4D35B150466}"
EndProject
Project("{9A19103F-16F7-4668-BE54-9A1E7A4F7556}") = "c#_13-dars_delegate", "c#_13-dars_delegate\c#_13-dars_delegate.csproj", "{E9602BA2-47DE-487B-BE00-818AD9D86438}"
EndProject
Project("{9A19103F-16F7-4668-BE54-9A1E7A4F7556}") = "C#_14-dars_action_pridicate", "C#_14-dars_action_pridicate\C#_14-dars_action_pridicate.csproj", "{96B03C7B-AC82-4C3D-AA02-9DF05BBBE271}"
EndProject
Project("{9A19103F-16F7-4668-BE54-9A1E7A4F7556}") = "16_lesson_exception_datatimes_stringbuilder_regex", "16_lesson_exception_datatimes_stringbuilder_regex\16_lesson_exception_datatimes_stringbuilder_regex.csproj", "{3616ABF2-767A-4433-992C-C2EAC081EED7}"
EndProject
Project("{9A19103F-16F7-4668-BE54-9A1E7A4F7556}") = "C#_18-dars_File", "C#_18-dars_File\C#_18-dars_File.csproj", "{10C99775-6D7C-4CAC-9782-E2972417361D}"
EndProject
Project("{9A19103F-16F7-4668-BE54-9A1E7A4F7556}") = "C#_19-dars_DateTime", "C#_19-dars_DateTime\C#_19-dars_DateTime.csproj", "{31447BBA-CBC0-47A5-B3BF-9ED8FB6FA5FC}"
EndProject
Project("{9A19103F-16F7-4668-BE54-9A1E7A4F7556}") = "c#_20-dars_Json", "c#_20-dars_Json\c#_20-dars_Json.csproj", "{5D20853E-8EE9-4650-88D5-C68C0DA89E3A}"
EndProject
Project("{9A19103F-16F7-4668-BE54-9A1E7A4F7556}") = "C#_20-dars_uy_ishi_Json", "C#_20-dars_uy_ishi_Json\C#_20-dars_uy_ishi_Json.csproj", "{8AA2D340-486A-4579-ADF5-13B0D04E349C}"
EndProject
Project("{9A19103F-16F7-4668-BE54-9A1E7A4F7556}") = "C#_21-dars_Json_Model", "C#_21-dars_Json_Model\C#_21-dars_Json_Model.csproj", "{91B99496-E131-47AE-90F8-2A8D09A991D6}"
EndProject
Project("{FAE04EC0-301F-11D3-BF4B-00C04F79EFBC}") = "C#_21-dars_Uy_Ishi_Json", "C#_21-dars_Uy_Ishi_Json\C#_21-dars_Uy_Ishi_Json.csproj", "{26C83460-9580-4C71-9667-6146AE21597A}"
EndProject
Global
	GlobalSection(SolutionConfigurationPlatforms) = preSolution
		Debug|Any CPU = Debug|Any CPU
		Release|Any CPU = Release|Any CPU
	EndGlobalSection
	GlobalSection(ProjectConfigurationPlatforms) = postSolution
		{AE333F65-CB57-4C6B-B7A4-7A0885C72296}.Debug|Any CPU.ActiveCfg = Debug|Any CPU
		{AE333F65-CB57-4C6B-B7A4-7A0885C72296}.Debug|Any CPU.Build.0 = Debug|Any CPU
		{AE333F65-CB57-4C6B-B7A4-7A0885C72296}.Release|Any CPU.ActiveCfg = Release|Any CPU
		{AE333F65-CB57-4C6B-B7A4-7A0885C72296}.Release|Any CPU.Build.0 = Release|Any CPU
		{D035F1C7-FD27-4A9A-8906-EAA9F038891E}.Debug|Any CPU.ActiveCfg = Debug|Any CPU
		{D035F1C7-FD27-4A9A-8906-EAA9F038891E}.Debug|Any CPU.Build.0 = Debug|Any CPU
		{D035F1C7-FD27-4A9A-8906-EAA9F038891E}.Release|Any CPU.ActiveCfg = Release|Any CPU
		{D035F1C7-FD27-4A9A-8906-EAA9F038891E}.Release|Any CPU.Build.0 = Release|Any CPU
		{729D5CE7-28A6-4190-BB65-2E73B1FF606B}.Debug|Any CPU.ActiveCfg = Debug|Any CPU
		{729D5CE7-28A6-4190-BB65-2E73B1FF606B}.Debug|Any CPU.Build.0 = Debug|Any CPU
		{729D5CE7-28A6-4190-BB65-2E73B1FF606B}.Release|Any CPU.ActiveCfg = Release|Any CPU
		{729D5CE7-28A6-4190-BB65-2E73B1FF606B}.Release|Any CPU.Build.0 = Release|Any CPU
		{C17F6B1E-0707-4B1D-B370-A4D35B150466}.Debug|Any CPU.ActiveCfg = Debug|Any CPU
		{C17F6B1E-0707-4B1D-B370-A4D35B150466}.Debug|Any CPU.Build.0 = Debug|Any CPU
		{C17F6B1E-0707-4B1D-B370-A4D35B150466}.Release|Any CPU.ActiveCfg = Release|Any CPU
		{C17F6B1E-0707-4B1D-B370-A4D35B150466}.Release|Any CPU.Build.0 = Release|Any CPU
		{E9602BA2-47DE-487B-BE00-818AD9D86438}.Debug|Any CPU.ActiveCfg = Debug|Any CPU
		{E9602BA2-47DE-487B-BE00-818AD9D86438}.Debug|Any CPU.Build.0 = Debug|Any CPU
		{E9602BA2-47DE-487B-BE00-818AD9D86438}.Release|Any CPU.ActiveCfg = Release|Any CPU
		{E9602BA2-47DE-487B-BE00-818AD9D86438}.Release|Any CPU.Build.0 = Release|Any CPU
		{96B03C7B-AC82-4C3D-AA02-9DF05BBBE271}.Debug|Any CPU.ActiveCfg = Debug|Any CPU
		{96B03C7B-AC82-4C3D-AA02-9DF05BBBE271}.Debug|Any CPU.Build.0 = Debug|Any CPU
		{96B03C7B-AC82-4C3D-AA02-9DF05BBBE271}.Release|Any CPU.ActiveCfg = Release|Any CPU
		{96B03C7B-AC82-4C3D-AA02-9DF05BBBE271}.Release|Any CPU.Build.0 = Release|Any CPU
		{3616ABF2-767A-4433-992C-C2EAC081EED7}.Debug|Any CPU.ActiveCfg = Debug|Any CPU
		{3616ABF2-767A-4433-992C-C2EAC081EED7}.Debug|Any CPU.Build.0 = Debug|Any CPU
		{3616ABF2-767A-4433-992C-C2EAC081EED7}.Release|Any CPU.ActiveCfg = Release|Any CPU
		{3616ABF2-767A-4433-992C-C2EAC081EED7}.Release|Any CPU.Build.0 = Release|Any CPU
		{10C99775-6D7C-4CAC-9782-E2972417361D}.Debug|Any CPU.ActiveCfg = Debug|Any CPU
		{10C99775-6D7C-4CAC-9782-E2972417361D}.Debug|Any CPU.Build.0 = Debug|Any CPU
		{10C99775-6D7C-4CAC-9782-E2972417361D}.Release|Any CPU.ActiveCfg = Release|Any CPU
		{10C99775-6D7C-4CAC-9782-E2972417361D}.Release|Any CPU.Build.0 = Release|Any CPU
		{31447BBA-CBC0-47A5-B3BF-9ED8FB6FA5FC}.Debug|Any CPU.ActiveCfg = Debug|Any CPU
		{31447BBA-CBC0-47A5-B3BF-9ED8FB6FA5FC}.Debug|Any CPU.Build.0 = Debug|Any CPU
		{31447BBA-CBC0-47A5-B3BF-9ED8FB6FA5FC}.Release|Any CPU.ActiveCfg = Release|Any CPU
		{31447BBA-CBC0-47A5-B3BF-9ED8FB6FA5FC}.Release|Any CPU.Build.0 = Release|Any CPU
		{5D20853E-8EE9-4650-88D5-C68C0DA89E3A}.Debug|Any CPU.ActiveCfg = Debug|Any CPU
		{5D20853E-8EE9-4650-88D5-C68C0DA89E3A}.Debug|Any CPU.Build.0 = Debug|Any CPU
		{5D20853E-8EE9-4650-88D5-C68C0DA89E3A}.Release|Any CPU.ActiveCfg = Release|Any CPU
		{5D20853E-8EE9-4650-88D5-C68C0DA89E3A}.Release|Any CPU.Build.0 = Release|Any CPU
		{8AA2D340-486A-4579-ADF5-13B0D04E349C}.Debug|Any CPU.ActiveCfg = Debug|Any CPU
		{8AA2D340-486A-4579-ADF5-13B0D04E349C}.Debug|Any CPU.Build.0 = Debug|Any CPU
		{8AA2D340-486A-4579-ADF5-13B0D04E349C}.Release|Any CPU.ActiveCfg = Release|Any CPU
		{8AA2D340-486A-4579-ADF5-13B0D04E349C}.Release|Any CPU.Build.0 = Release|Any CPU
		{91B99496-E131-47AE-90F8-2A8D09A991D6}.Debug|Any CPU.ActiveCfg = Debug|Any CPU
		{91B99496-E131-47AE-90F8-2A8D09A991D6}.Debug|Any CPU.Build.0 = Debug|Any CPU
		{91B99496-E131-47AE-90F8-2A8D09A991D6}.Release|Any CPU.ActiveCfg = Release|Any CPU
		{91B99496-E131-47AE-90F8-2A8D09A991D6}.Release|Any CPU.Build.0 = Release|Any CPU
		{26C83460-9580-4C71-9667-6146AE21597A}.Debug|Any CPU.ActiveCfg = Debug|Any CPU
		{26C83460-9580-4C71-9667-6146AE21597A}.Debug|Any CPU.Build.0 = Debug|Any CPU
		{26C83460-9580-4C71-9667-6146AE21597A}.Release|Any CPU.ActiveCfg = Release|Any CPU
		{26C83460-9580-4C71-9667-6146AE21597A}.Release|Any CPU.Build.0 = Release|Any CPU
	EndGlobalSection
	GlobalSection(SolutionProperties) = preSolution
		HideSolutionNode = FALSE
	EndGlobalSection
	GlobalSection(ExtensibilityGlobals) = postSolution
		SolutionGuid = {91C1E75B-1DAA-443D-811E-F59EFD2CA8F8}
	EndGlobalSection
EndGlobal
